
Microsoft Visual Studio Solution File, Format Version 12.00
# Visual Studio Version 17
VisualStudioVersion = 17.14.36221.1 d17.14
MinimumVisualStudioVersion = 10.0.40219.1
Project("{FAE04EC0-301F-11D3-BF4B-00C04F79EFBC}") = "task20_1", "task20_1\task20_1.csproj", "{97067974-392C-4D38-BD39-191839D8AD33}"
EndProject
Global
	GlobalSection(SolutionConfigurationPlatforms) = preSolution
		Debug|Any CPU = Debug|Any CPU
		Release|Any CPU = Release|Any CPU
	EndGlobalSection
	GlobalSection(ProjectConfigurationPlatforms) = postSolution
		{97067974-392C-4D38-BD39-191839D8AD33}.Debug|Any CPU.ActiveCfg = Debug|Any CPU
		{97067974-392C-4D38-BD39-191839D8AD33}.Debug|Any CPU.Build.0 = Debug|Any CPU
		{97067974-392C-4D38-BD39-191839D8AD33}.Release|Any CPU.ActiveCfg = Release|Any CPU
		{97067974-392C-4D38-BD39-191839D8AD33}.Release|Any CPU.Build.0 = Release|Any CPU
	EndGlobalSection
	GlobalSection(SolutionProperties) = preSolution
		HideSolutionNode = FALSE
	EndGlobalSection
	GlobalSection(ExtensibilityGlobals) = postSolution
		SolutionGuid = {1BBBAD94-8164-4EF7-AE91-4E31AD5F418B}
	EndGlobalSection
EndGlobal
