
Microsoft Visual Studio Solution File, Format Version 12.00
# Visual Studio Version 17
VisualStudioVersion = 17.14.36221.1 d17.14
MinimumVisualStudioVersion = 10.0.40219.1
Project("{FAE04EC0-301F-11D3-BF4B-00C04F79EFBC}") = "task 5", "task 5\task 5.csproj", "{695F3A38-3C5B-4F37-9640-9B255D42084D}"
EndProject
Global
	GlobalSection(SolutionConfigurationPlatforms) = preSolution
		Debug|Any CPU = Debug|Any CPU
		Release|Any CPU = Release|Any CPU
	EndGlobalSection
	GlobalSection(ProjectConfigurationPlatforms) = postSolution
		{695F3A38-3C5B-4F37-9640-9B255D42084D}.Debug|Any CPU.ActiveCfg = Debug|Any CPU
		{695F3A38-3C5B-4F37-9640-9B255D42084D}.Debug|Any CPU.Build.0 = Debug|Any CPU
		{695F3A38-3C5B-4F37-9640-9B255D42084D}.Release|Any CPU.ActiveCfg = Release|Any CPU
		{695F3A38-3C5B-4F37-9640-9B255D42084D}.Release|Any CPU.Build.0 = Release|Any CPU
	EndGlobalSection
	GlobalSection(SolutionProperties) = preSolution
		HideSolutionNode = FALSE
	EndGlobalSection
	GlobalSection(ExtensibilityGlobals) = postSolution
		SolutionGuid = {3BE151A5-E132-4B41-BB7C-048E4F2545C4}
	EndGlobalSection
EndGlobal
