
Microsoft Visual Studio Solution File, Format Version 12.00
# Visual Studio Version 17
VisualStudioVersion = 17.14.36221.1 d17.14
MinimumVisualStudioVersion = 10.0.40219.1
Project("{FAE04EC0-301F-11D3-BF4B-00C04F79EFBC}") = "task20_16", "task20_16\task20_16.csproj", "{21524105-0A0A-44F1-807E-6D86B2E61C58}"
EndProject
Global
	GlobalSection(SolutionConfigurationPlatforms) = preSolution
		Debug|Any CPU = Debug|Any CPU
		Release|Any CPU = Release|Any CPU
	EndGlobalSection
	GlobalSection(ProjectConfigurationPlatforms) = postSolution
		{21524105-0A0A-44F1-807E-6D86B2E61C58}.Debug|Any CPU.ActiveCfg = Debug|Any CPU
		{21524105-0A0A-44F1-807E-6D86B2E61C58}.Debug|Any CPU.Build.0 = Debug|Any CPU
		{21524105-0A0A-44F1-807E-6D86B2E61C58}.Release|Any CPU.ActiveCfg = Release|Any CPU
		{21524105-0A0A-44F1-807E-6D86B2E61C58}.Release|Any CPU.Build.0 = Release|Any CPU
	EndGlobalSection
	GlobalSection(SolutionProperties) = preSolution
		HideSolutionNode = FALSE
	EndGlobalSection
	GlobalSection(ExtensibilityGlobals) = postSolution
		SolutionGuid = {680CB929-EF31-4BDE-924B-266E9A5D217B}
	EndGlobalSection
EndGlobal
