
Microsoft Visual Studio Solution File, Format Version 12.00
# Visual Studio Version 17
VisualStudioVersion = 17.14.36221.1 d17.14
MinimumVisualStudioVersion = 10.0.40219.1
Project("{FAE04EC0-301F-11D3-BF4B-00C04F79EFBC}") = "task21", "task21\task21.csproj", "{817AA789-86F7-4428-B90F-D7A58FC545F7}"
EndProject
Global
	GlobalSection(SolutionConfigurationPlatforms) = preSolution
		Debug|Any CPU = Debug|Any CPU
		Release|Any CPU = Release|Any CPU
	EndGlobalSection
	GlobalSection(ProjectConfigurationPlatforms) = postSolution
		{817AA789-86F7-4428-B90F-D7A58FC545F7}.Debug|Any CPU.ActiveCfg = Debug|Any CPU
		{817AA789-86F7-4428-B90F-D7A58FC545F7}.Debug|Any CPU.Build.0 = Debug|Any CPU
		{817AA789-86F7-4428-B90F-D7A58FC545F7}.Release|Any CPU.ActiveCfg = Release|Any CPU
		{817AA789-86F7-4428-B90F-D7A58FC545F7}.Release|Any CPU.Build.0 = Release|Any CPU
	EndGlobalSection
	GlobalSection(SolutionProperties) = preSolution
		HideSolutionNode = FALSE
	EndGlobalSection
	GlobalSection(ExtensibilityGlobals) = postSolution
		SolutionGuid = {4D2865AD-4D3A-4C2D-BFAF-CBAB3BEAFF79}
	EndGlobalSection
EndGlobal
