
Microsoft Visual Studio Solution File, Format Version 12.00
# Visual Studio Version 17
VisualStudioVersion = 17.14.36221.1 d17.14
MinimumVisualStudioVersion = 10.0.40219.1
Project("{FAE04EC0-301F-11D3-BF4B-00C04F79EFBC}") = "task 11", "task 11\task 11.csproj", "{49677C04-8725-40CA-A6A3-2F86A676E400}"
EndProject
Global
	GlobalSection(SolutionConfigurationPlatforms) = preSolution
		Debug|Any CPU = Debug|Any CPU
		Release|Any CPU = Release|Any CPU
	EndGlobalSection
	GlobalSection(ProjectConfigurationPlatforms) = postSolution
		{49677C04-8725-40CA-A6A3-2F86A676E400}.Debug|Any CPU.ActiveCfg = Debug|Any CPU
		{49677C04-8725-40CA-A6A3-2F86A676E400}.Debug|Any CPU.Build.0 = Debug|Any CPU
		{49677C04-8725-40CA-A6A3-2F86A676E400}.Release|Any CPU.ActiveCfg = Release|Any CPU
		{49677C04-8725-40CA-A6A3-2F86A676E400}.Release|Any CPU.Build.0 = Release|Any CPU
	EndGlobalSection
	GlobalSection(SolutionProperties) = preSolution
		HideSolutionNode = FALSE
	EndGlobalSection
	GlobalSection(ExtensibilityGlobals) = postSolution
		SolutionGuid = {1F304BBE-187D-4424-BE42-D906BCDF1CE1}
	EndGlobalSection
EndGlobal
