
Microsoft Visual Studio Solution File, Format Version 12.00
# Visual Studio Version 17
VisualStudioVersion = 17.14.36221.1 d17.14
MinimumVisualStudioVersion = 10.0.40219.1
Project("{FAE04EC0-301F-11D3-BF4B-00C04F79EFBC}") = "task20_10", "task20_10\task20_10.csproj", "{953624AD-0084-4F4D-98D1-2698A0048581}"
EndProject
Global
	GlobalSection(SolutionConfigurationPlatforms) = preSolution
		Debug|Any CPU = Debug|Any CPU
		Release|Any CPU = Release|Any CPU
	EndGlobalSection
	GlobalSection(ProjectConfigurationPlatforms) = postSolution
		{953624AD-0084-4F4D-98D1-2698A0048581}.Debug|Any CPU.ActiveCfg = Debug|Any CPU
		{953624AD-0084-4F4D-98D1-2698A0048581}.Debug|Any CPU.Build.0 = Debug|Any CPU
		{953624AD-0084-4F4D-98D1-2698A0048581}.Release|Any CPU.ActiveCfg = Release|Any CPU
		{953624AD-0084-4F4D-98D1-2698A0048581}.Release|Any CPU.Build.0 = Release|Any CPU
	EndGlobalSection
	GlobalSection(SolutionProperties) = preSolution
		HideSolutionNode = FALSE
	EndGlobalSection
	GlobalSection(ExtensibilityGlobals) = postSolution
		SolutionGuid = {CF39B065-B8B3-4B2E-97C5-7C6DC30CC1DC}
	EndGlobalSection
EndGlobal
